
Microsoft Visual Studio Solution File, Format Version 12.00
# Visual Studio Version 18
VisualStudioVersion = 18.8.12105.206 oobstable
MinimumVisualStudioVersion = 10.0.40219.1
Project("{FAE04EC0-301F-11D3-BF4B-00C04F79EFBC}") = "Controllers", "Controllers\Controllers.csproj", "{02DBB4EB-3318-4ACC-A193-68CE54DACC63}"
EndProject
Project("{FAE04EC0-301F-11D3-BF4B-00C04F79EFBC}") = "Data", "Data\Data.csproj", "{E25FB99C-9E49-458C-A512-B811AC261F93}"
EndProject
Project("{FAE04EC0-301F-11D3-BF4B-00C04F79EFBC}") = "Services", "Services\Services.csproj", "{378CBA45-0B39-4D33-B3AC-0404B2C87B20}"
EndProject
Global
	GlobalSection(SolutionConfigurationPlatforms) = preSolution
		Debug|Any CPU = Debug|Any CPU
		Release|Any CPU = Release|Any CPU
	EndGlobalSection
	GlobalSection(ProjectConfigurationPlatforms) = postSolution
		{02DBB4EB-3318-4ACC-A193-68CE54DACC63}.Debug|Any CPU.ActiveCfg = Debug|Any CPU
		{02DBB4EB-3318-4ACC-A193-68CE54DACC63}.Debug|Any CPU.Build.0 = Debug|Any CPU
		{02DBB4EB-3318-4ACC-A193-68CE54DACC63}.Release|Any CPU.ActiveCfg = Release|Any CPU
		{02DBB4EB-3318-4ACC-A193-68CE54DACC63}.Release|Any CPU.Build.0 = Release|Any CPU
		{E25FB99C-9E49-458C-A512-B811AC261F93}.Debug|Any CPU.ActiveCfg = Debug|Any CPU
		{E25FB99C-9E49-458C-A512-B811AC261F93}.Debug|Any CPU.Build.0 = Debug|Any CPU
		{E25FB99C-9E49-458C-A512-B811AC261F93}.Release|Any CPU.ActiveCfg = Release|Any CPU
		{E25FB99C-9E49-458C-A512-B811AC261F93}.Release|Any CPU.Build.0 = Release|Any CPU
		{378CBA45-0B39-4D33-B3AC-0404B2C87B20}.Debug|Any CPU.ActiveCfg = Debug|Any CPU
		{378CBA45-0B39-4D33-B3AC-0404B2C87B20}.Debug|Any CPU.Build.0 = Debug|Any CPU
		{378CBA45-0B39-4D33-B3AC-0404B2C87B20}.Release|Any CPU.ActiveCfg = Release|Any CPU
		{378CBA45-0B39-4D33-B3AC-0404B2C87B20}.Release|Any CPU.Build.0 = Release|Any CPU
	EndGlobalSection
	GlobalSection(SolutionProperties) = preSolution
		HideSolutionNode = FALSE
	EndGlobalSection
	GlobalSection(ExtensibilityGlobals) = postSolution
		SolutionGuid = {33F991CA-AAD4-4D1C-97FC-3BB460710121}
	EndGlobalSection
EndGlobal
